
Microsoft Visual Studio Solution File, Format Version 12.00
# Visual Studio Version 17
VisualStudioVersion = 17.14.36623.8 d17.14
MinimumVisualStudioVersion = 10.0.40219.1
Project("{FAE04EC0-301F-11D3-BF4B-00C04F79EFBC}") = "Calculator", "Calculator.csproj", "{9445DAC4-42E5-446A-8E5C-F35FC58E93CF}"
EndProject
Global
	GlobalSection(SolutionConfigurationPlatforms) = preSolution
		Debug|Any CPU = Debug|Any CPU
		Release|Any CPU = Release|Any CPU
	EndGlobalSection
	GlobalSection(ProjectConfigurationPlatforms) = postSolution
		{9445DAC4-42E5-446A-8E5C-F35FC58E93CF}.Debug|Any CPU.ActiveCfg = Debug|Any CPU
		{9445DAC4-42E5-446A-8E5C-F35FC58E93CF}.Debug|Any CPU.Build.0 = Debug|Any CPU
		{9445DAC4-42E5-446A-8E5C-F35FC58E93CF}.Release|Any CPU.ActiveCfg = Release|Any CPU
		{9445DAC4-42E5-446A-8E5C-F35FC58E93CF}.Release|Any CPU.Build.0 = Release|Any CPU
	EndGlobalSection
	GlobalSection(SolutionProperties) = preSolution
		HideSolutionNode = FALSE
	EndGlobalSection
	GlobalSection(ExtensibilityGlobals) = postSolution
		SolutionGuid = {562D77EF-AB07-4AAE-AF1D-6D853F872225}
	EndGlobalSection
EndGlobal
